
Microsoft Visual Studio Solution File, Format Version 12.00
# Visual Studio 15
VisualStudioVersion = 15.0.28307.271
MinimumVisualStudioVersion = 10.0.40219.1
Project("{FAE04EC0-301F-11D3-BF4B-00C04F79EFBC}") = "unbox.frontend", "unbox.frontend\unbox.frontend.csproj", "{A6E9C432-5437-4559-89A1-6FC045B35297}"
EndProject
Global
	GlobalSection(SolutionConfigurationPlatforms) = preSolution
		Debug|Any CPU = Debug|Any CPU
		Release|Any CPU = Release|Any CPU
	EndGlobalSection
	GlobalSection(ProjectConfigurationPlatforms) = postSolution
		{A6E9C432-5437-4559-89A1-6FC045B35297}.Debug|Any CPU.ActiveCfg = Debug|Any CPU
		{A6E9C432-5437-4559-89A1-6FC045B35297}.Debug|Any CPU.Build.0 = Debug|Any CPU
		{A6E9C432-5437-4559-89A1-6FC045B35297}.Release|Any CPU.ActiveCfg = Release|Any CPU
		{A6E9C432-5437-4559-89A1-6FC045B35297}.Release|Any CPU.Build.0 = Release|Any CPU
	EndGlobalSection
	GlobalSection(SolutionProperties) = preSolution
		HideSolutionNode = FALSE
	EndGlobalSection
	GlobalSection(ExtensibilityGlobals) = postSolution
		SolutionGuid = {52960C73-6FDE-477C-88AF-DADA03F5A4FC}
	EndGlobalSection
EndGlobal
